
Microsoft Visual Studio Solution File, Format Version 12.00
# Visual Studio Version 16
VisualStudioVersion = 16.0.32901.82
MinimumVisualStudioVersion = 10.0.40219.1
Project("{FAE04EC0-301F-11D3-BF4B-00C04F79EFBC}") = "Core2", "Core2.csproj", "{99107FF5-A214-45EE-A685-4BFB2E6A3691}"
EndProject
Global
	GlobalSection(SolutionConfigurationPlatforms) = preSolution
		Debug|Any CPU = Debug|Any CPU
		Release|Any CPU = Release|Any CPU
	EndGlobalSection
	GlobalSection(ProjectConfigurationPlatforms) = postSolution
		{99107FF5-A214-45EE-A685-4BFB2E6A3691}.Debug|Any CPU.ActiveCfg = Debug|Any CPU
		{99107FF5-A214-45EE-A685-4BFB2E6A3691}.Debug|Any CPU.Build.0 = Debug|Any CPU
		{99107FF5-A214-45EE-A685-4BFB2E6A3691}.Release|Any CPU.ActiveCfg = Release|Any CPU
		{99107FF5-A214-45EE-A685-4BFB2E6A3691}.Release|Any CPU.Build.0 = Release|Any CPU
	EndGlobalSection
	GlobalSection(SolutionProperties) = preSolution
		HideSolutionNode = FALSE
	EndGlobalSection
	GlobalSection(ExtensibilityGlobals) = postSolution
		SolutionGuid = {3C6B8A42-AF1A-481D-AF06-2DF46FA4008A}
	EndGlobalSection
EndGlobal
